
Microsoft Visual Studio Solution File, Format Version 12.00
# Visual Studio 2013
VisualStudioVersion = 12.0.21005.1
MinimumVisualStudioVersion = 10.0.40219.1
Project("{8BC9CEB8-8B4A-11D0-8D11-00A0C91BC942}") = "质因子个数", "质因子个数\质因子个数.vcxproj", "{D267EA61-7E97-4E40-B4DC-1B36034EC1D6}"
EndProject
Global
	GlobalSection(SolutionConfigurationPlatforms) = preSolution
		Debug|Win32 = Debug|Win32
		Release|Win32 = Release|Win32
	EndGlobalSection
	GlobalSection(ProjectConfigurationPlatforms) = postSolution
		{D267EA61-7E97-4E40-B4DC-1B36034EC1D6}.Debug|Win32.ActiveCfg = Debug|Win32
		{D267EA61-7E97-4E40-B4DC-1B36034EC1D6}.Debug|Win32.Build.0 = Debug|Win32
		{D267EA61-7E97-4E40-B4DC-1B36034EC1D6}.Release|Win32.ActiveCfg = Release|Win32
		{D267EA61-7E97-4E40-B4DC-1B36034EC1D6}.Release|Win32.Build.0 = Release|Win32
	EndGlobalSection
	GlobalSection(SolutionProperties) = preSolution
		HideSolutionNode = FALSE
	EndGlobalSection
EndGlobal
